
Microsoft Visual Studio Solution File, Format Version 12.00
# Visual Studio Version 17
VisualStudioVersion = 17.14.36414.22 d17.14
MinimumVisualStudioVersion = 10.0.40219.1
Project("{FAE04EC0-301F-11D3-BF4B-00C04F79EFBC}") = "UpnpTest", "UpnpTest.csproj", "{155FFE20-7C10-F1E4-F527-0EFF10F7DBB5}"
EndProject
Global
	GlobalSection(SolutionConfigurationPlatforms) = preSolution
		Debug|Any CPU = Debug|Any CPU
		Release|Any CPU = Release|Any CPU
	EndGlobalSection
	GlobalSection(ProjectConfigurationPlatforms) = postSolution
		{155FFE20-7C10-F1E4-F527-0EFF10F7DBB5}.Debug|Any CPU.ActiveCfg = Debug|Any CPU
		{155FFE20-7C10-F1E4-F527-0EFF10F7DBB5}.Debug|Any CPU.Build.0 = Debug|Any CPU
		{155FFE20-7C10-F1E4-F527-0EFF10F7DBB5}.Release|Any CPU.ActiveCfg = Release|Any CPU
		{155FFE20-7C10-F1E4-F527-0EFF10F7DBB5}.Release|Any CPU.Build.0 = Release|Any CPU
	EndGlobalSection
	GlobalSection(SolutionProperties) = preSolution
		HideSolutionNode = FALSE
	EndGlobalSection
	GlobalSection(ExtensibilityGlobals) = postSolution
		SolutionGuid = {922BAAE9-5124-4599-A465-7ABAF96773E7}
	EndGlobalSection
EndGlobal
